// !$*UTF8*$!
{
	archiveVersion = 1;
	classes = {
	};
	objectVersion = 46;
	objects = {

/* Begin PBXBuildFile section */
		C96072121BE8121E002E99D4 /* main.cpp in Sources */ = {isa = PBXBuildFile; fileRef = C96072111BE8121E002E99D4 /* main.cpp */; };
		C960721E1BE81BB1002E99D4 /* terrarium.cpp in Sources */ = {isa = PBXBuildFile; fileRef = C960721D1BE81BB1002E99D4 /* terrarium.cpp */; };
		C96072201BE95889002E99D4 /* GLUT.framework in Frameworks */ = {isa = PBXBuildFile; fileRef = C960721F1BE95889002E99D4 /* GLUT.framework */; };
		C96072221BE95890002E99D4 /* OpenGL.framework in Frameworks */ = {isa = PBXBuildFile; fileRef = C96072211BE95890002E99D4 /* OpenGL.framework */; };
		C9A5B87D1BEAC7DD00996939 /* state.cpp in Sources */ = {isa = PBXBuildFile; fileRef = C9A5B87C1BEAC7DD00996939 /* state.cpp */; };
/* End PBXBuildFile section */

/* Begin PBXCopyFilesBuildPhase section */
		C960720C1BE8121E002E99D4 /* CopyFiles */ = {
			isa = PBXCopyFilesBuildPhase;
			buildActionMask = 2147483647;
			dstPath = /usr/share/man/man1/;
			dstSubfolderSpec = 0;
			files = (
			);
			runOnlyForDeploymentPostprocessing = 1;
		};
/* End PBXCopyFilesBuildPhase section */

/* Begin PBXFileReference section */
		C960720E1BE8121E002E99D4 /* Spring */ = {isa = PBXFileReference; explicitFileType = "compiled.mach-o.executable"; includeInIndex = 0; path = Spring; sourceTree = BUILT_PRODUCTS_DIR; };
		C96072111BE8121E002E99D4 /* main.cpp */ = {isa = PBXFileReference; lastKnownFileType = sourcecode.cpp.cpp; path = main.cpp; sourceTree = "<group>"; };
		C96072181BE81A04002E99D4 /* state.h */ = {isa = PBXFileReference; lastKnownFileType = sourcecode.c.h; path = state.h; sourceTree = "<group>"; };
		C960721A1BE81A2F002E99D4 /* generator.h */ = {isa = PBXFileReference; lastKnownFileType = sourcecode.c.h; path = generator.h; sourceTree = "<group>"; };
		C960721B1BE81A54002E99D4 /* terrarium.h */ = {isa = PBXFileReference; lastKnownFileType = sourcecode.c.h; path = terrarium.h; sourceTree = "<group>"; };
		C960721C1BE81AAF002E99D4 /* v3.h */ = {isa = PBXFileReference; lastKnownFileType = sourcecode.c.h; path = v3.h; sourceTree = "<group>"; };
		C960721D1BE81BB1002E99D4 /* terrarium.cpp */ = {isa = PBXFileReference; fileEncoding = 4; lastKnownFileType = sourcecode.cpp.cpp; path = terrarium.cpp; sourceTree = "<group>"; };
		C960721F1BE95889002E99D4 /* GLUT.framework */ = {isa = PBXFileReference; lastKnownFileType = wrapper.framework; name = GLUT.framework; path = System/Library/Frameworks/GLUT.framework; sourceTree = SDKROOT; };
		C96072211BE95890002E99D4 /* OpenGL.framework */ = {isa = PBXFileReference; lastKnownFileType = wrapper.framework; name = OpenGL.framework; path = System/Library/Frameworks/OpenGL.framework; sourceTree = SDKROOT; };
		C96072231BE98F59002E99D4 /* mesh.h */ = {isa = PBXFileReference; lastKnownFileType = sourcecode.c.h; path = mesh.h; sourceTree = "<group>"; };
		C9A5B87B1BE9EDAF00996939 /* rungekutta.h */ = {isa = PBXFileReference; lastKnownFileType = sourcecode.c.h; path = rungekutta.h; sourceTree = "<group>"; };
		C9A5B87C1BEAC7DD00996939 /* state.cpp */ = {isa = PBXFileReference; fileEncoding = 4; lastKnownFileType = sourcecode.cpp.cpp; path = state.cpp; sourceTree = "<group>"; };
/* End PBXFileReference section */

/* Begin PBXFrameworksBuildPhase section */
		C960720B1BE8121E002E99D4 /* Frameworks */ = {
			isa = PBXFrameworksBuildPhase;
			buildActionMask = 2147483647;
			files = (
				C96072221BE95890002E99D4 /* OpenGL.framework in Frameworks */,
				C96072201BE95889002E99D4 /* GLUT.framework in Frameworks */,
			);
			runOnlyForDeploymentPostprocessing = 0;
		};
/* End PBXFrameworksBuildPhase section */

/* Begin PBXGroup section */
		C96072051BE8121E002E99D4 = {
			isa = PBXGroup;
			children = (
				C96072211BE95890002E99D4 /* OpenGL.framework */,
				C960721F1BE95889002E99D4 /* GLUT.framework */,
				C96072101BE8121E002E99D4 /* Spring */,
				C960720F1BE8121E002E99D4 /* Products */,
			);
			sourceTree = "<group>";
		};
		C960720F1BE8121E002E99D4 /* Products */ = {
			isa = PBXGroup;
			children = (
				C960720E1BE8121E002E99D4 /* Spring */,
			);
			name = Products;
			sourceTree = "<group>";
		};
		C96072101BE8121E002E99D4 /* Spring */ = {
			isa = PBXGroup;
			children = (
				C9A5B87E1BEAD22B00996939 /* headers */,
				C96072111BE8121E002E99D4 /* main.cpp */,
				C960721D1BE81BB1002E99D4 /* terrarium.cpp */,
				C9A5B87C1BEAC7DD00996939 /* state.cpp */,
			);
			path = Spring;
			sourceTree = "<group>";
		};
		C9A5B87E1BEAD22B00996939 /* headers */ = {
			isa = PBXGroup;
			children = (
				C960721B1BE81A54002E99D4 /* terrarium.h */,
				C96072181BE81A04002E99D4 /* state.h */,
				C96072231BE98F59002E99D4 /* mesh.h */,
				C960721A1BE81A2F002E99D4 /* generator.h */,
				C9A5B87B1BE9EDAF00996939 /* rungekutta.h */,
				C960721C1BE81AAF002E99D4 /* v3.h */,
			);
			name = headers;
			sourceTree = "<group>";
		};
/* End PBXGroup section */

/* Begin PBXNativeTarget section */
		C960720D1BE8121E002E99D4 /* Spring */ = {
			isa = PBXNativeTarget;
			buildConfigurationList = C96072151BE8121E002E99D4 /* Build configuration list for PBXNativeTarget "Spring" */;
			buildPhases = (
				C960720A1BE8121E002E99D4 /* Sources */,
				C960720B1BE8121E002E99D4 /* Frameworks */,
				C960720C1BE8121E002E99D4 /* CopyFiles */,
			);
			buildRules = (
			);
			dependencies = (
			);
			name = Spring;
			productName = Spring;
			productReference = C960720E1BE8121E002E99D4 /* Spring */;
			productType = "com.apple.product-type.tool";
		};
/* End PBXNativeTarget section */

/* Begin PBXProject section */
		C96072061BE8121E002E99D4 /* Project object */ = {
			isa = PBXProject;
			attributes = {
				LastUpgradeCheck = 0710;
				ORGANIZATIONNAME = "Matthew Dillard";
				TargetAttributes = {
					C960720D1BE8121E002E99D4 = {
						CreatedOnToolsVersion = 7.1;
					};
				};
			};
			buildConfigurationList = C96072091BE8121E002E99D4 /* Build configuration list for PBXProject "Spring" */;
			compatibilityVersion = "Xcode 3.2";
			developmentRegion = English;
			hasScannedForEncodings = 0;
			knownRegions = (
				en,
			);
			mainGroup = C96072051BE8121E002E99D4;
			productRefGroup = C960720F1BE8121E002E99D4 /* Products */;
			projectDirPath = "";
			projectRoot = "";
			targets = (
				C960720D1BE8121E002E99D4 /* Spring */,
			);
		};
/* End PBXProject section */

/* Begin PBXSourcesBuildPhase section */
		C960720A1BE8121E002E99D4 /* Sources */ = {
			isa = PBXSourcesBuildPhase;
			buildActionMask = 2147483647;
			files = (
				C96072121BE8121E002E99D4 /* main.cpp in Sources */,
				C9A5B87D1BEAC7DD00996939 /* state.cpp in Sources */,
				C960721E1BE81BB1002E99D4 /* terrarium.cpp in Sources */,
			);
			runOnlyForDeploymentPostprocessing = 0;
		};
/* End PBXSourcesBuildPhase section */

/* Begin XCBuildConfiguration section */
		C96072131BE8121E002E99D4 /* Debug */ = {
			isa = XCBuildConfiguration;
			buildSettings = {
				ALWAYS_SEARCH_USER_PATHS = NO;
				CLANG_CXX_LANGUAGE_STANDARD = "gnu++0x";
				CLANG_CXX_LIBRARY = "libc++";
				CLANG_ENABLE_MODULES = YES;
				CLANG_ENABLE_OBJC_ARC = YES;
				CLANG_WARN_BOOL_CONVERSION = YES;
				CLANG_WARN_CONSTANT_CONVERSION = YES;
				CLANG_WARN_DIRECT_OBJC_ISA_USAGE = YES_ERROR;
				CLANG_WARN_EMPTY_BODY = YES;
				CLANG_WARN_ENUM_CONVERSION = YES;
				CLANG_WARN_INT_CONVERSION = YES;
				CLANG_WARN_OBJC_ROOT_CLASS = YES_ERROR;
				CLANG_WARN_UNREACHABLE_CODE = YES;
				CLANG_WARN__DUPLICATE_METHOD_MATCH = YES;
				CODE_SIGN_IDENTITY = "-";
				COPY_PHASE_STRIP = NO;
				DEBUG_INFORMATION_FORMAT = dwarf;
				ENABLE_STRICT_OBJC_MSGSEND = YES;
				ENABLE_TESTABILITY = YES;
				GCC_C_LANGUAGE_STANDARD = gnu99;
				GCC_DYNAMIC_NO_PIC = NO;
				GCC_NO_COMMON_BLOCKS = YES;
				GCC_OPTIMIZATION_LEVEL = 0;
				GCC_PREPROCESSOR_DEFINITIONS = (
					"DEBUG=1",
					"$(inherited)",
				);
				GCC_WARN_64_TO_32_BIT_CONVERSION = YES;
				GCC_WARN_ABOUT_RETURN_TYPE = YES_ERROR;
				GCC_WARN_UNDECLARED_SELECTOR = YES;
				GCC_WARN_UNINITIALIZED_AUTOS = YES_AGGRESSIVE;
				GCC_WARN_UNUSED_FUNCTION = YES;
				GCC_WARN_UNUSED_VARIABLE = YES;
				MACOSX_DEPLOYMENT_TARGET = 10.11;
				MTL_ENABLE_DEBUG_INFO = YES;
				ONLY_ACTIVE_ARCH = YES;
				SDKROOT = macosx;
			};
			name = Debug;
		};
		C96072141BE8121E002E99D4 /* Release */ = {
			isa = XCBuildConfiguration;
			buildSettings = {
				ALWAYS_SEARCH_USER_PATHS = NO;
				CLANG_CXX_LANGUAGE_STANDARD = "gnu++0x";
				CLANG_CXX_LIBRARY = "libc++";
				CLANG_ENABLE_MODULES = YES;
				CLANG_ENABLE_OBJC_ARC = YES;
				CLANG_WARN_BOOL_CONVERSION = YES;
				CLANG_WARN_CONSTANT_CONVERSION = YES;
				CLANG_WARN_DIRECT_OBJC_ISA_USAGE = YES_ERROR;
				CLANG_WARN_EMPTY_BODY = YES;
				CLANG_WARN_ENUM_CONVERSION = YES;
				CLANG_WARN_INT_CONVERSION = YES;
				CLANG_WARN_OBJC_ROOT_CLASS = YES_ERROR;
				CLANG_WARN_UNREACHABLE_CODE = YES;
				CLANG_WARN__DUPLICATE_METHOD_MATCH = YES;
				CODE_SIGN_IDENTITY = "-";
				COPY_PHASE_STRIP = NO;
				DEBUG_INFORMATION_FORMAT = "dwarf-with-dsym";
				ENABLE_NS_ASSERTIONS = NO;
				ENABLE_STRICT_OBJC_MSGSEND = YES;
				GCC_C_LANGUAGE_STANDARD = gnu99;
				GCC_NO_COMMON_BLOCKS = YES;
				GCC_WARN_64_TO_32_BIT_CONVERSION = YES;
				GCC_WARN_ABOUT_RETURN_TYPE = YES_ERROR;
				GCC_WARN_UNDECLARED_SELECTOR = YES;
				GCC_WARN_UNINITIALIZED_AUTOS = YES_AGGRESSIVE;
				GCC_WARN_UNUSED_FUNCTION = YES;
				GCC_WARN_UNUSED_VARIABLE = YES;
				MACOSX_DEPLOYMENT_TARGET = 10.11;
				MTL_ENABLE_DEBUG_INFO = NO;
				SDKROOT = macosx;
			};
			name = Release;
		};
		C96072161BE8121E002E99D4 /* Debug */ = {
			isa = XCBuildConfiguration;
			buildSettings = {
				OTHER_LDFLAGS = "-v";
				PRODUCT_NAME = "$(TARGET_NAME)";
			};
			name = Debug;
		};
		C96072171BE8121E002E99D4 /* Release */ = {
			isa = XCBuildConfiguration;
			buildSettings = {
				OTHER_LDFLAGS = "-v";
				PRODUCT_NAME = "$(TARGET_NAME)";
			};
			name = Release;
		};
/* End XCBuildConfiguration section */

/* Begin XCConfigurationList section */
		C96072091BE8121E002E99D4 /* Build configuration list for PBXProject "Spring" */ = {
			isa = XCConfigurationList;
			buildConfigurations = (
				C96072131BE8121E002E99D4 /* Debug */,
				C96072141BE8121E002E99D4 /* Release */,
			);
			defaultConfigurationIsVisible = 0;
			defaultConfigurationName = Release;
		};
		C96072151BE8121E002E99D4 /* Build configuration list for PBXNativeTarget "Spring" */ = {
			isa = XCConfigurationList;
			buildConfigurations = (
				C96072161BE8121E002E99D4 /* Debug */,
				C96072171BE8121E002E99D4 /* Release */,
			);
			defaultConfigurationIsVisible = 0;
			defaultConfigurationName = Release;
		};
/* End XCConfigurationList section */
	};
	rootObject = C96072061BE8121E002E99D4 /* Project object */;
}
